
Microsoft Visual Studio Solution File, Format Version 12.00
# Visual Studio Version 16
VisualStudioVersion = 16.0.29709.97
MinimumVisualStudioVersion = 10.0.40219.1
Project("{FAE04EC0-301F-11D3-BF4B-00C04F79EFBC}") = "FEEAssignment", "FEEAssignment\FEEAssignment.csproj", "{E12594C5-F614-45A2-99B7-65594B9FE9E2}"
EndProject
Global
	GlobalSection(SolutionConfigurationPlatforms) = preSolution
		Debug|Any CPU = Debug|Any CPU
		Release|Any CPU = Release|Any CPU
	EndGlobalSection
	GlobalSection(ProjectConfigurationPlatforms) = postSolution
		{E12594C5-F614-45A2-99B7-65594B9FE9E2}.Debug|Any CPU.ActiveCfg = Debug|Any CPU
		{E12594C5-F614-45A2-99B7-65594B9FE9E2}.Debug|Any CPU.Build.0 = Debug|Any CPU
		{E12594C5-F614-45A2-99B7-65594B9FE9E2}.Release|Any CPU.ActiveCfg = Release|Any CPU
		{E12594C5-F614-45A2-99B7-65594B9FE9E2}.Release|Any CPU.Build.0 = Release|Any CPU
	EndGlobalSection
	GlobalSection(SolutionProperties) = preSolution
		HideSolutionNode = FALSE
	EndGlobalSection
	GlobalSection(ExtensibilityGlobals) = postSolution
		SolutionGuid = {5F1467C3-0AF3-41C9-873B-7164AF582649}
	EndGlobalSection
EndGlobal
